
Microsoft Visual Studio Solution File, Format Version 12.00
# Visual Studio 15
VisualStudioVersion = 15.0.27703.2042
MinimumVisualStudioVersion = 10.0.40219.1
Project("{FAE04EC0-301F-11D3-BF4B-00C04F79EFBC}") = "Aspnet_Core_Restful_Web_Api_Visioning", "Aspnet_Core_Restful_Web_Api_Visioning\Aspnet_Core_Restful_Web_Api_Visioning.csproj", "{D02A5E22-5A0C-4FB6-B932-FF2E929035BD}"
EndProject
Global
	GlobalSection(SolutionConfigurationPlatforms) = preSolution
		Debug|Any CPU = Debug|Any CPU
		Release|Any CPU = Release|Any CPU
	EndGlobalSection
	GlobalSection(ProjectConfigurationPlatforms) = postSolution
		{D02A5E22-5A0C-4FB6-B932-FF2E929035BD}.Debug|Any CPU.ActiveCfg = Debug|Any CPU
		{D02A5E22-5A0C-4FB6-B932-FF2E929035BD}.Debug|Any CPU.Build.0 = Debug|Any CPU
		{D02A5E22-5A0C-4FB6-B932-FF2E929035BD}.Release|Any CPU.ActiveCfg = Release|Any CPU
		{D02A5E22-5A0C-4FB6-B932-FF2E929035BD}.Release|Any CPU.Build.0 = Release|Any CPU
	EndGlobalSection
	GlobalSection(SolutionProperties) = preSolution
		HideSolutionNode = FALSE
	EndGlobalSection
	GlobalSection(ExtensibilityGlobals) = postSolution
		SolutionGuid = {93BA0880-AF19-420A-BE45-C863045D2F12}
	EndGlobalSection
EndGlobal
